
Microsoft Visual Studio Solution File, Format Version 12.00
# Visual Studio Version 17
VisualStudioVersion = 17.3.32929.385
MinimumVisualStudioVersion = 10.0.40219.1
Project("{FAE04EC0-301F-11D3-BF4B-00C04F79EFBC}") = "Mathee_Steophanus_PRG282_ST", "Mathee_Steophanus_PRG282_ST.csproj", "{1CDA1344-2C61-4741-AE8F-68762A60BE3A}"
EndProject
Global
	GlobalSection(SolutionConfigurationPlatforms) = preSolution
		Debug|Any CPU = Debug|Any CPU
		Release|Any CPU = Release|Any CPU
	EndGlobalSection
	GlobalSection(ProjectConfigurationPlatforms) = postSolution
		{1CDA1344-2C61-4741-AE8F-68762A60BE3A}.Debug|Any CPU.ActiveCfg = Debug|Any CPU
		{1CDA1344-2C61-4741-AE8F-68762A60BE3A}.Debug|Any CPU.Build.0 = Debug|Any CPU
		{1CDA1344-2C61-4741-AE8F-68762A60BE3A}.Release|Any CPU.ActiveCfg = Release|Any CPU
		{1CDA1344-2C61-4741-AE8F-68762A60BE3A}.Release|Any CPU.Build.0 = Release|Any CPU
	EndGlobalSection
	GlobalSection(SolutionProperties) = preSolution
		HideSolutionNode = FALSE
	EndGlobalSection
	GlobalSection(ExtensibilityGlobals) = postSolution
		SolutionGuid = {CA1084CB-186B-4D65-9291-197895AEBD31}
	EndGlobalSection
EndGlobal
